
Microsoft Visual Studio Solution File, Format Version 12.00
# Visual Studio 14
VisualStudioVersion = 14.0.25420.1
MinimumVisualStudioVersion = 10.0.40219.1
Project("{FAE04EC0-301F-11D3-BF4B-00C04F79EFBC}") = "SampleApplication", "SampleApplication\SampleApplication.csproj", "{F46222E0-ADE3-448A-B433-ED6E46A0361A}"
EndProject
Project("{2150E333-8FDC-42A3-9474-1A3956D46DE8}") = "DataAccess", "DataAccess", "{82C6F051-8416-4C67-BFDC-5DB95E5AD758}"
EndProject
Project("{2150E333-8FDC-42A3-9474-1A3956D46DE8}") = "Module", "Module", "{F3B518DF-47F9-4CDE-AB58-1BC6868B7B48}"
EndProject
Project("{2150E333-8FDC-42A3-9474-1A3956D46DE8}") = "Presentation", "Presentation", "{C10D4260-2039-48A9-8AAC-4E274136038A}"
EndProject
Project("{2150E333-8FDC-42A3-9474-1A3956D46DE8}") = "Domain", "Domain", "{16C867D8-C002-48CC-9F09-5AC9BBE7987A}"
EndProject
Project("{FAE04EC0-301F-11D3-BF4B-00C04F79EFBC}") = "ExcelLoaderService", "ExcelLoaderService\ExcelLoaderService.csproj", "{53651F38-0135-4D0E-999E-3863DB606CDA}"
EndProject
Project("{2150E333-8FDC-42A3-9474-1A3956D46DE8}") = "CommonModule", "CommonModule", "{677D83A0-C22B-4A97-B34B-D411BA45998B}"
EndProject
Project("{FAE04EC0-301F-11D3-BF4B-00C04F79EFBC}") = "CommonModule", "CommonModule\CommonModule.csproj", "{02FB9FD5-E9C5-4FA5-B785-95E8F2CE6B30}"
EndProject
Project("{2150E333-8FDC-42A3-9474-1A3956D46DE8}") = "ExcelLoaderRepository", "ExcelLoaderRepository", "{AFD4AE62-79AC-47A0-BA1A-485B80A4FC25}"
EndProject
Project("{FAE04EC0-301F-11D3-BF4B-00C04F79EFBC}") = "ExcelLoaderRepository", "ExcelLoaderRepository\ExcelLoaderRepository.csproj", "{D66E0A5E-14A1-4701-8517-4C59643DC3AF}"
EndProject
Project("{2150E333-8FDC-42A3-9474-1A3956D46DE8}") = "UnitTests", "UnitTests", "{D33BC4A2-F698-4A66-A207-FE8190AFA99E}"
EndProject
Project("{2150E333-8FDC-42A3-9474-1A3956D46DE8}") = "ExcelDataLoader", "ExcelDataLoader", "{DE8562AA-2B44-46F8-9602-CF74BC17A33C}"
EndProject
Project("{2150E333-8FDC-42A3-9474-1A3956D46DE8}") = "Presentation", "Presentation", "{0F73C35B-6BE2-40B2-BFA1-F91863520732}"
EndProject
Project("{FAE04EC0-301F-11D3-BF4B-00C04F79EFBC}") = "SimpleApplication.UnitTests", "SimpleApplication.UnitTests\SimpleApplication.UnitTests.csproj", "{C93DF9C6-9510-4FD9-A271-27230F15EE01}"
EndProject
Global
	GlobalSection(SolutionConfigurationPlatforms) = preSolution
		Debug|Any CPU = Debug|Any CPU
		Release|Any CPU = Release|Any CPU
	EndGlobalSection
	GlobalSection(ProjectConfigurationPlatforms) = postSolution
		{F46222E0-ADE3-448A-B433-ED6E46A0361A}.Debug|Any CPU.ActiveCfg = Debug|Any CPU
		{F46222E0-ADE3-448A-B433-ED6E46A0361A}.Debug|Any CPU.Build.0 = Debug|Any CPU
		{F46222E0-ADE3-448A-B433-ED6E46A0361A}.Release|Any CPU.ActiveCfg = Release|Any CPU
		{F46222E0-ADE3-448A-B433-ED6E46A0361A}.Release|Any CPU.Build.0 = Release|Any CPU
		{53651F38-0135-4D0E-999E-3863DB606CDA}.Debug|Any CPU.ActiveCfg = Debug|Any CPU
		{53651F38-0135-4D0E-999E-3863DB606CDA}.Debug|Any CPU.Build.0 = Debug|Any CPU
		{53651F38-0135-4D0E-999E-3863DB606CDA}.Release|Any CPU.ActiveCfg = Release|Any CPU
		{53651F38-0135-4D0E-999E-3863DB606CDA}.Release|Any CPU.Build.0 = Release|Any CPU
		{02FB9FD5-E9C5-4FA5-B785-95E8F2CE6B30}.Debug|Any CPU.ActiveCfg = Debug|Any CPU
		{02FB9FD5-E9C5-4FA5-B785-95E8F2CE6B30}.Debug|Any CPU.Build.0 = Debug|Any CPU
		{02FB9FD5-E9C5-4FA5-B785-95E8F2CE6B30}.Release|Any CPU.ActiveCfg = Release|Any CPU
		{02FB9FD5-E9C5-4FA5-B785-95E8F2CE6B30}.Release|Any CPU.Build.0 = Release|Any CPU
		{D66E0A5E-14A1-4701-8517-4C59643DC3AF}.Debug|Any CPU.ActiveCfg = Debug|Any CPU
		{D66E0A5E-14A1-4701-8517-4C59643DC3AF}.Debug|Any CPU.Build.0 = Debug|Any CPU
		{D66E0A5E-14A1-4701-8517-4C59643DC3AF}.Release|Any CPU.ActiveCfg = Release|Any CPU
		{D66E0A5E-14A1-4701-8517-4C59643DC3AF}.Release|Any CPU.Build.0 = Release|Any CPU
		{C93DF9C6-9510-4FD9-A271-27230F15EE01}.Debug|Any CPU.ActiveCfg = Debug|Any CPU
		{C93DF9C6-9510-4FD9-A271-27230F15EE01}.Debug|Any CPU.Build.0 = Debug|Any CPU
		{C93DF9C6-9510-4FD9-A271-27230F15EE01}.Release|Any CPU.ActiveCfg = Release|Any CPU
		{C93DF9C6-9510-4FD9-A271-27230F15EE01}.Release|Any CPU.Build.0 = Release|Any CPU
	EndGlobalSection
	GlobalSection(SolutionProperties) = preSolution
		HideSolutionNode = FALSE
	EndGlobalSection
	GlobalSection(NestedProjects) = preSolution
		{F46222E0-ADE3-448A-B433-ED6E46A0361A} = {C10D4260-2039-48A9-8AAC-4E274136038A}
		{C10D4260-2039-48A9-8AAC-4E274136038A} = {F3B518DF-47F9-4CDE-AB58-1BC6868B7B48}
		{16C867D8-C002-48CC-9F09-5AC9BBE7987A} = {F3B518DF-47F9-4CDE-AB58-1BC6868B7B48}
		{53651F38-0135-4D0E-999E-3863DB606CDA} = {16C867D8-C002-48CC-9F09-5AC9BBE7987A}
		{677D83A0-C22B-4A97-B34B-D411BA45998B} = {F3B518DF-47F9-4CDE-AB58-1BC6868B7B48}
		{02FB9FD5-E9C5-4FA5-B785-95E8F2CE6B30} = {677D83A0-C22B-4A97-B34B-D411BA45998B}
		{AFD4AE62-79AC-47A0-BA1A-485B80A4FC25} = {82C6F051-8416-4C67-BFDC-5DB95E5AD758}
		{D66E0A5E-14A1-4701-8517-4C59643DC3AF} = {AFD4AE62-79AC-47A0-BA1A-485B80A4FC25}
		{DE8562AA-2B44-46F8-9602-CF74BC17A33C} = {D33BC4A2-F698-4A66-A207-FE8190AFA99E}
		{0F73C35B-6BE2-40B2-BFA1-F91863520732} = {DE8562AA-2B44-46F8-9602-CF74BC17A33C}
		{C93DF9C6-9510-4FD9-A271-27230F15EE01} = {0F73C35B-6BE2-40B2-BFA1-F91863520732}
	EndGlobalSection
EndGlobal
